
Microsoft Visual Studio Solution File, Format Version 11.00
# Visual Studio 2010
Project("{FAE04EC0-301F-11D3-BF4B-00C04F79EFBC}") = "Dota2Banlist", "Dota2Banlist\Dota2Banlist.csproj", "{4E9E18A0-BEC9-47A0-877A-5B543FCE2519}"
EndProject
Project("{FAE04EC0-301F-11D3-BF4B-00C04F79EFBC}") = "Dota2BanlistCore", "Dota2BanlistCore\Dota2BanlistCore.csproj", "{19B55A84-74DD-4DFE-95EA-699DAC55C4AB}"
EndProject
Global
	GlobalSection(SolutionConfigurationPlatforms) = preSolution
		Debug|Any CPU = Debug|Any CPU
		Debug|Mixed Platforms = Debug|Mixed Platforms
		Debug|x86 = Debug|x86
		Release|Any CPU = Release|Any CPU
		Release|Mixed Platforms = Release|Mixed Platforms
		Release|x86 = Release|x86
	EndGlobalSection
	GlobalSection(ProjectConfigurationPlatforms) = postSolution
		{4E9E18A0-BEC9-47A0-877A-5B543FCE2519}.Debug|Any CPU.ActiveCfg = Debug|x86
		{4E9E18A0-BEC9-47A0-877A-5B543FCE2519}.Debug|Mixed Platforms.ActiveCfg = Debug|x86
		{4E9E18A0-BEC9-47A0-877A-5B543FCE2519}.Debug|Mixed Platforms.Build.0 = Debug|x86
		{4E9E18A0-BEC9-47A0-877A-5B543FCE2519}.Debug|x86.ActiveCfg = Debug|x86
		{4E9E18A0-BEC9-47A0-877A-5B543FCE2519}.Debug|x86.Build.0 = Debug|x86
		{4E9E18A0-BEC9-47A0-877A-5B543FCE2519}.Release|Any CPU.ActiveCfg = Release|x86
		{4E9E18A0-BEC9-47A0-877A-5B543FCE2519}.Release|Mixed Platforms.ActiveCfg = Release|x86
		{4E9E18A0-BEC9-47A0-877A-5B543FCE2519}.Release|Mixed Platforms.Build.0 = Release|x86
		{4E9E18A0-BEC9-47A0-877A-5B543FCE2519}.Release|x86.ActiveCfg = Release|x86
		{4E9E18A0-BEC9-47A0-877A-5B543FCE2519}.Release|x86.Build.0 = Release|x86
		{19B55A84-74DD-4DFE-95EA-699DAC55C4AB}.Debug|Any CPU.ActiveCfg = Debug|Any CPU
		{19B55A84-74DD-4DFE-95EA-699DAC55C4AB}.Debug|Any CPU.Build.0 = Debug|Any CPU
		{19B55A84-74DD-4DFE-95EA-699DAC55C4AB}.Debug|Mixed Platforms.ActiveCfg = Debug|Any CPU
		{19B55A84-74DD-4DFE-95EA-699DAC55C4AB}.Debug|Mixed Platforms.Build.0 = Debug|Any CPU
		{19B55A84-74DD-4DFE-95EA-699DAC55C4AB}.Debug|x86.ActiveCfg = Debug|Any CPU
		{19B55A84-74DD-4DFE-95EA-699DAC55C4AB}.Release|Any CPU.ActiveCfg = Release|Any CPU
		{19B55A84-74DD-4DFE-95EA-699DAC55C4AB}.Release|Any CPU.Build.0 = Release|Any CPU
		{19B55A84-74DD-4DFE-95EA-699DAC55C4AB}.Release|Mixed Platforms.ActiveCfg = Release|Any CPU
		{19B55A84-74DD-4DFE-95EA-699DAC55C4AB}.Release|Mixed Platforms.Build.0 = Release|Any CPU
		{19B55A84-74DD-4DFE-95EA-699DAC55C4AB}.Release|x86.ActiveCfg = Release|Any CPU
	EndGlobalSection
	GlobalSection(SolutionProperties) = preSolution
		HideSolutionNode = FALSE
	EndGlobalSection
EndGlobal
